
Microsoft Visual Studio Solution File, Format Version 12.00
# Visual Studio Version 17
VisualStudioVersion = 17.9.34518.117
MinimumVisualStudioVersion = 10.0.40219.1
Project("{9A19103F-16F7-4668-BE54-9A1E7A4F7556}") = "BlazorOrleansClient", "BlazorOrleansClient.csproj", "{F2731BBD-51FC-4E32-BCC0-A97E9A9C5D0F}"
EndProject
Global
	GlobalSection(SolutionConfigurationPlatforms) = preSolution
		Debug|Any CPU = Debug|Any CPU
		Release|Any CPU = Release|Any CPU
	EndGlobalSection
	GlobalSection(ProjectConfigurationPlatforms) = postSolution
		{F2731BBD-51FC-4E32-BCC0-A97E9A9C5D0F}.Debug|Any CPU.ActiveCfg = Debug|Any CPU
		{F2731BBD-51FC-4E32-BCC0-A97E9A9C5D0F}.Debug|Any CPU.Build.0 = Debug|Any CPU
		{F2731BBD-51FC-4E32-BCC0-A97E9A9C5D0F}.Release|Any CPU.ActiveCfg = Release|Any CPU
		{F2731BBD-51FC-4E32-BCC0-A97E9A9C5D0F}.Release|Any CPU.Build.0 = Release|Any CPU
	EndGlobalSection
	GlobalSection(SolutionProperties) = preSolution
		HideSolutionNode = FALSE
	EndGlobalSection
	GlobalSection(ExtensibilityGlobals) = postSolution
		SolutionGuid = {47660D3D-028F-4C92-90B2-C6F7B835D8D0}
	EndGlobalSection
EndGlobal
